
Microsoft Visual Studio Solution File, Format Version 12.00
# Visual Studio Version 17
VisualStudioVersion = 17.13.35931.197 d17.13
MinimumVisualStudioVersion = 10.0.40219.1
Project("{FAE04EC0-301F-11D3-BF4B-00C04F79EFBC}") = "VulCore.Example", "VulCore.Example\VulCore.Example.csproj", "{6036E7C0-5461-422F-8888-F53A96C5A9AD}"
EndProject
Global
	GlobalSection(SolutionConfigurationPlatforms) = preSolution
		Debug|Any CPU = Debug|Any CPU
		Release|Any CPU = Release|Any CPU
	EndGlobalSection
	GlobalSection(ProjectConfigurationPlatforms) = postSolution
		{6036E7C0-5461-422F-8888-F53A96C5A9AD}.Debug|Any CPU.ActiveCfg = Debug|Any CPU
		{6036E7C0-5461-422F-8888-F53A96C5A9AD}.Debug|Any CPU.Build.0 = Debug|Any CPU
		{6036E7C0-5461-422F-8888-F53A96C5A9AD}.Release|Any CPU.ActiveCfg = Release|Any CPU
		{6036E7C0-5461-422F-8888-F53A96C5A9AD}.Release|Any CPU.Build.0 = Release|Any CPU
	EndGlobalSection
	GlobalSection(SolutionProperties) = preSolution
		HideSolutionNode = FALSE
	EndGlobalSection
	GlobalSection(ExtensibilityGlobals) = postSolution
		SolutionGuid = {6F4ADCC1-D81B-4F81-80D5-FD6BE9AFCE85}
	EndGlobalSection
EndGlobal
